
Microsoft Visual Studio Solution File, Format Version 12.00
# Visual Studio 2012
Project("{FAE04EC0-301F-11D3-BF4B-00C04F79EFBC}") = "ComparadorDecksDC", "ComparadorDecksDC.csproj", "{6FE16F2B-9CC4-448F-A29B-347A34F84DD2}"
EndProject
Project("{FAE04EC0-301F-11D3-BF4B-00C04F79EFBC}") = "CapturaNW", "..\CapturaNW\CapturaNW.csproj", "{A356F5EB-BB8A-4DEC-BDF5-4E1465629D1B}"
EndProject
Project("{FAE04EC0-301F-11D3-BF4B-00C04F79EFBC}") = "ToolBox", "..\toolbox\ToolBox\ToolBox.csproj", "{7924518D-2C02-499A-8492-2B28D0DCE402}"
EndProject
Project("{FAE04EC0-301F-11D3-BF4B-00C04F79EFBC}") = "AutoPrevs", "..\auto-Prevs\AutoPrevs.csproj", "{FC798F90-0F53-4116-AF0A-D787B350756A}"
EndProject
Global
	GlobalSection(SubversionScc) = preSolution
		Svn-Managed = True
		Manager = AnkhSVN - Subversion Support for Visual Studio
	EndGlobalSection
	GlobalSection(SolutionConfigurationPlatforms) = preSolution
		Debug|Any CPU = Debug|Any CPU
		Debug|Mixed Platforms = Debug|Mixed Platforms
		Debug|x86 = Debug|x86
		Release|Any CPU = Release|Any CPU
		Release|Mixed Platforms = Release|Mixed Platforms
		Release|x86 = Release|x86
		ReleaseCluster|Any CPU = ReleaseCluster|Any CPU
		ReleaseCluster|Mixed Platforms = ReleaseCluster|Mixed Platforms
		ReleaseCluster|x86 = ReleaseCluster|x86
	EndGlobalSection
	GlobalSection(ProjectConfigurationPlatforms) = postSolution
		{6FE16F2B-9CC4-448F-A29B-347A34F84DD2}.Debug|Any CPU.ActiveCfg = Debug|Any CPU
		{6FE16F2B-9CC4-448F-A29B-347A34F84DD2}.Debug|Any CPU.Build.0 = Debug|Any CPU
		{6FE16F2B-9CC4-448F-A29B-347A34F84DD2}.Debug|Mixed Platforms.ActiveCfg = Debug|Any CPU
		{6FE16F2B-9CC4-448F-A29B-347A34F84DD2}.Debug|Mixed Platforms.Build.0 = Debug|Any CPU
		{6FE16F2B-9CC4-448F-A29B-347A34F84DD2}.Debug|x86.ActiveCfg = Debug|Any CPU
		{6FE16F2B-9CC4-448F-A29B-347A34F84DD2}.Release|Any CPU.ActiveCfg = Release|Any CPU
		{6FE16F2B-9CC4-448F-A29B-347A34F84DD2}.Release|Any CPU.Build.0 = Release|Any CPU
		{6FE16F2B-9CC4-448F-A29B-347A34F84DD2}.Release|Mixed Platforms.ActiveCfg = Release|Any CPU
		{6FE16F2B-9CC4-448F-A29B-347A34F84DD2}.Release|Mixed Platforms.Build.0 = Release|Any CPU
		{6FE16F2B-9CC4-448F-A29B-347A34F84DD2}.Release|x86.ActiveCfg = Release|Any CPU
		{6FE16F2B-9CC4-448F-A29B-347A34F84DD2}.ReleaseCluster|Any CPU.ActiveCfg = Realease2|Any CPU
		{6FE16F2B-9CC4-448F-A29B-347A34F84DD2}.ReleaseCluster|Any CPU.Build.0 = Realease2|Any CPU
		{6FE16F2B-9CC4-448F-A29B-347A34F84DD2}.ReleaseCluster|Mixed Platforms.ActiveCfg = Realease2|Any CPU
		{6FE16F2B-9CC4-448F-A29B-347A34F84DD2}.ReleaseCluster|Mixed Platforms.Build.0 = Realease2|Any CPU
		{6FE16F2B-9CC4-448F-A29B-347A34F84DD2}.ReleaseCluster|x86.ActiveCfg = Realease2|Any CPU
		{A356F5EB-BB8A-4DEC-BDF5-4E1465629D1B}.Debug|Any CPU.ActiveCfg = Debug|Any CPU
		{A356F5EB-BB8A-4DEC-BDF5-4E1465629D1B}.Debug|Any CPU.Build.0 = Debug|Any CPU
		{A356F5EB-BB8A-4DEC-BDF5-4E1465629D1B}.Debug|Mixed Platforms.ActiveCfg = Debug|Any CPU
		{A356F5EB-BB8A-4DEC-BDF5-4E1465629D1B}.Debug|Mixed Platforms.Build.0 = Debug|Any CPU
		{A356F5EB-BB8A-4DEC-BDF5-4E1465629D1B}.Debug|x86.ActiveCfg = Debug|Any CPU
		{A356F5EB-BB8A-4DEC-BDF5-4E1465629D1B}.Release|Any CPU.ActiveCfg = Release|Any CPU
		{A356F5EB-BB8A-4DEC-BDF5-4E1465629D1B}.Release|Any CPU.Build.0 = Release|Any CPU
		{A356F5EB-BB8A-4DEC-BDF5-4E1465629D1B}.Release|Mixed Platforms.ActiveCfg = Release|Any CPU
		{A356F5EB-BB8A-4DEC-BDF5-4E1465629D1B}.Release|Mixed Platforms.Build.0 = Release|Any CPU
		{A356F5EB-BB8A-4DEC-BDF5-4E1465629D1B}.Release|x86.ActiveCfg = Release|Any CPU
		{A356F5EB-BB8A-4DEC-BDF5-4E1465629D1B}.ReleaseCluster|Any CPU.ActiveCfg = Realease2|Any CPU
		{A356F5EB-BB8A-4DEC-BDF5-4E1465629D1B}.ReleaseCluster|Any CPU.Build.0 = Realease2|Any CPU
		{A356F5EB-BB8A-4DEC-BDF5-4E1465629D1B}.ReleaseCluster|Mixed Platforms.ActiveCfg = Realease2|Any CPU
		{A356F5EB-BB8A-4DEC-BDF5-4E1465629D1B}.ReleaseCluster|Mixed Platforms.Build.0 = Realease2|Any CPU
		{A356F5EB-BB8A-4DEC-BDF5-4E1465629D1B}.ReleaseCluster|x86.ActiveCfg = Realease2|Any CPU
		{7924518D-2C02-499A-8492-2B28D0DCE402}.Debug|Any CPU.ActiveCfg = Debug|x86
		{7924518D-2C02-499A-8492-2B28D0DCE402}.Debug|Mixed Platforms.ActiveCfg = Debug|x86
		{7924518D-2C02-499A-8492-2B28D0DCE402}.Debug|Mixed Platforms.Build.0 = Debug|x86
		{7924518D-2C02-499A-8492-2B28D0DCE402}.Debug|x86.ActiveCfg = Debug|x86
		{7924518D-2C02-499A-8492-2B28D0DCE402}.Debug|x86.Build.0 = Debug|x86
		{7924518D-2C02-499A-8492-2B28D0DCE402}.Release|Any CPU.ActiveCfg = Release|x86
		{7924518D-2C02-499A-8492-2B28D0DCE402}.Release|Mixed Platforms.ActiveCfg = Release|x86
		{7924518D-2C02-499A-8492-2B28D0DCE402}.Release|Mixed Platforms.Build.0 = Release|x86
		{7924518D-2C02-499A-8492-2B28D0DCE402}.Release|x86.ActiveCfg = Release|x86
		{7924518D-2C02-499A-8492-2B28D0DCE402}.Release|x86.Build.0 = Release|x86
		{7924518D-2C02-499A-8492-2B28D0DCE402}.ReleaseCluster|Any CPU.ActiveCfg = Realease2|x86
		{7924518D-2C02-499A-8492-2B28D0DCE402}.ReleaseCluster|Mixed Platforms.ActiveCfg = Realease2|x86
		{7924518D-2C02-499A-8492-2B28D0DCE402}.ReleaseCluster|Mixed Platforms.Build.0 = Realease2|x86
		{7924518D-2C02-499A-8492-2B28D0DCE402}.ReleaseCluster|x86.ActiveCfg = Realease2|x86
		{7924518D-2C02-499A-8492-2B28D0DCE402}.ReleaseCluster|x86.Build.0 = Realease2|x86
		{FC798F90-0F53-4116-AF0A-D787B350756A}.Debug|Any CPU.ActiveCfg = Debug|Any CPU
		{FC798F90-0F53-4116-AF0A-D787B350756A}.Debug|Any CPU.Build.0 = Debug|Any CPU
		{FC798F90-0F53-4116-AF0A-D787B350756A}.Debug|Mixed Platforms.ActiveCfg = Debug|Any CPU
		{FC798F90-0F53-4116-AF0A-D787B350756A}.Debug|Mixed Platforms.Build.0 = Debug|Any CPU
		{FC798F90-0F53-4116-AF0A-D787B350756A}.Debug|x86.ActiveCfg = Debug|Any CPU
		{FC798F90-0F53-4116-AF0A-D787B350756A}.Release|Any CPU.ActiveCfg = Release|Any CPU
		{FC798F90-0F53-4116-AF0A-D787B350756A}.Release|Any CPU.Build.0 = Release|Any CPU
		{FC798F90-0F53-4116-AF0A-D787B350756A}.Release|Mixed Platforms.ActiveCfg = Release|Any CPU
		{FC798F90-0F53-4116-AF0A-D787B350756A}.Release|Mixed Platforms.Build.0 = Release|Any CPU
		{FC798F90-0F53-4116-AF0A-D787B350756A}.Release|x86.ActiveCfg = Release|Any CPU
		{FC798F90-0F53-4116-AF0A-D787B350756A}.ReleaseCluster|Any CPU.ActiveCfg = Realease2|Any CPU
		{FC798F90-0F53-4116-AF0A-D787B350756A}.ReleaseCluster|Any CPU.Build.0 = Realease2|Any CPU
		{FC798F90-0F53-4116-AF0A-D787B350756A}.ReleaseCluster|Mixed Platforms.ActiveCfg = Realease2|Any CPU
		{FC798F90-0F53-4116-AF0A-D787B350756A}.ReleaseCluster|Mixed Platforms.Build.0 = Realease2|Any CPU
		{FC798F90-0F53-4116-AF0A-D787B350756A}.ReleaseCluster|x86.ActiveCfg = Realease2|Any CPU
	EndGlobalSection
	GlobalSection(SolutionProperties) = preSolution
		HideSolutionNode = FALSE
	EndGlobalSection
EndGlobal
